
Microsoft Visual Studio Solution File, Format Version 12.00
# Visual Studio Version 17
VisualStudioVersion = 17.1.31903.286
MinimumVisualStudioVersion = 10.0.40219.1
Project("{FAE04EC0-301F-11D3-BF4B-00C04F79EFBC}") = "TodoApi", "TodoApi\TodoApi.csproj", "{8A01A528-CCAE-404C-B23C-AE343A31242E}"
EndProject
Global
	GlobalSection(SolutionConfigurationPlatforms) = preSolution
		Debug|Any CPU = Debug|Any CPU
		Release|Any CPU = Release|Any CPU
	EndGlobalSection
	GlobalSection(ProjectConfigurationPlatforms) = postSolution
		{8A01A528-CCAE-404C-B23C-AE343A31242E}.Debug|Any CPU.ActiveCfg = Debug|Any CPU
		{8A01A528-CCAE-404C-B23C-AE343A31242E}.Debug|Any CPU.Build.0 = Debug|Any CPU
		{8A01A528-CCAE-404C-B23C-AE343A31242E}.Release|Any CPU.ActiveCfg = Release|Any CPU
		{8A01A528-CCAE-404C-B23C-AE343A31242E}.Release|Any CPU.Build.0 = Release|Any CPU
	EndGlobalSection
	GlobalSection(SolutionProperties) = preSolution
		HideSolutionNode = FALSE
	EndGlobalSection
	GlobalSection(ExtensibilityGlobals) = postSolution
		SolutionGuid = {C70FC971-7461-4322-8BCA-4FD7982A13F3}
	EndGlobalSection
EndGlobal
