{
  "name": "onprem-mock",
  "version": "1.0.0",
  "lockfileVersion": 2,
  "requires": true,
  "packages": {
    "": {
      "name": "onprem-mock",
      "version": "1.0.0",
      "devDependencies": {
        "@azure/functions": "^3.0.0",
        "typescript": "^4.0.0"
      }
    },
    "node_modules/@azure/functions": {
      "version": "3.0.0",
      "resolved": "https://registry.npmjs.org/@azure/functions/-/functions-3.0.0.tgz",
      "integrity": "sha512-nxOdQdYoy9JEdAPsQlBWavsRvbH5qT2fpwMcY64s1sLIT8QwtW7ebh/MJNgzeAac+JaC6IED7plDiizq8oZUNw==",
      "dev": true
    },
    "node_modules/typescript": {
      "version": "4.6.3",
      "resolved": "https://registry.npmjs.org/typescript/-/typescript-4.6.3.tgz",
      "integrity": "sha512-yNIatDa5iaofVozS/uQJEl3JRWLKKGJKh6Yaiv0GLGSuhpFJe7P3SbHZ8/yjAHRQwKRoA6YZqlfjXWmVzoVSMw==",
      "dev": true,
      "bin": {
        "tsc": "bin/tsc",
        "tsserver": "bin/tsserver"
      },
      "engines": {
        "node": ">=4.2.0"
      }
    }
  },
  "dependencies": {
    "@azure/functions": {
      "version": "3.0.0",
      "resolved": "https://registry.npmjs.org/@azure/functions/-/functions-3.0.0.tgz",
      "integrity": "sha512-nxOdQdYoy9JEdAPsQlBWavsRvbH5qT2fpwMcY64s1sLIT8QwtW7ebh/MJNgzeAac+JaC6IED7plDiizq8oZUNw==",
      "dev": true
    },
    "typescript": {
      "version": "4.6.3",
      "resolved": "https://registry.npmjs.org/typescript/-/typescript-4.6.3.tgz",
      "integrity": "sha512-yNIatDa5iaofVozS/uQJEl3JRWLKKGJKh6Yaiv0GLGSuhpFJe7P3SbHZ8/yjAHRQwKRoA6YZqlfjXWmVzoVSMw==",
      "dev": true
    }
  }
}
